
Microsoft Visual Studio Solution File, Format Version 12.00
# Visual Studio Version 16
VisualStudioVersion = 16.0.29728.190
MinimumVisualStudioVersion = 10.0.40219.1
Project("{FAE04EC0-301F-11D3-BF4B-00C04F79EFBC}") = "InterviewProject", "InterviewProject\InterviewProject.csproj", "{A24B64B7-2092-49FA-8969-4C600419CED3}"
EndProject
Project("{FAE04EC0-301F-11D3-BF4B-00C04F79EFBC}") = "Clients", "Clients\Clients.csproj", "{C6D87EDB-DA85-4E57-9309-0F4F41B24CB2}"
EndProject
Global
	GlobalSection(SolutionConfigurationPlatforms) = preSolution
		Debug|Any CPU = Debug|Any CPU
		Release|Any CPU = Release|Any CPU
	EndGlobalSection
	GlobalSection(ProjectConfigurationPlatforms) = postSolution
		{A24B64B7-2092-49FA-8969-4C600419CED3}.Debug|Any CPU.ActiveCfg = Debug|Any CPU
		{A24B64B7-2092-49FA-8969-4C600419CED3}.Debug|Any CPU.Build.0 = Debug|Any CPU
		{A24B64B7-2092-49FA-8969-4C600419CED3}.Release|Any CPU.ActiveCfg = Release|Any CPU
		{A24B64B7-2092-49FA-8969-4C600419CED3}.Release|Any CPU.Build.0 = Release|Any CPU
		{C6D87EDB-DA85-4E57-9309-0F4F41B24CB2}.Debug|Any CPU.ActiveCfg = Debug|Any CPU
		{C6D87EDB-DA85-4E57-9309-0F4F41B24CB2}.Debug|Any CPU.Build.0 = Debug|Any CPU
		{C6D87EDB-DA85-4E57-9309-0F4F41B24CB2}.Release|Any CPU.ActiveCfg = Release|Any CPU
		{C6D87EDB-DA85-4E57-9309-0F4F41B24CB2}.Release|Any CPU.Build.0 = Release|Any CPU
	EndGlobalSection
	GlobalSection(SolutionProperties) = preSolution
		HideSolutionNode = FALSE
	EndGlobalSection
	GlobalSection(ExtensibilityGlobals) = postSolution
		SolutionGuid = {29F186CF-F370-44B2-BE47-18672F78FBB0}
	EndGlobalSection
EndGlobal
